
Microsoft Visual Studio Solution File, Format Version 12.00
# Visual Studio Version 17
VisualStudioVersion = 17.0.31612.314
MinimumVisualStudioVersion = 10.0.40219.1
Project("{9A19103F-16F7-4668-BE54-9A1E7A4F7556}") = "VL.PDFReader", "VL.PDFReader.csproj", "{A6F86FA0-87FE-406E-BA86-5A128D59DA12}"
EndProject
Project("{2150E333-8FDC-42A3-9474-1A3956D46DE8}") = "Solution Items", "Solution Items", "{525233AD-F5EC-4123-BDF4-744EF59EE83C}"
	ProjectSection(SolutionItems) = preProject
		..\etc\Icon.png = ..\etc\Icon.png
		..\etc\Icon_128.png = ..\etc\Icon_128.png
		..\README.md = ..\README.md
	EndProjectSection
EndProject
Global
	GlobalSection(SolutionConfigurationPlatforms) = preSolution
		Debug|Any CPU = Debug|Any CPU
		Debug|ARM = Debug|ARM
		Debug|ARM64 = Debug|ARM64
		Debug|x64 = Debug|x64
		Debug|x86 = Debug|x86
		Release|Any CPU = Release|Any CPU
		Release|ARM = Release|ARM
		Release|ARM64 = Release|ARM64
		Release|x64 = Release|x64
		Release|x86 = Release|x86
		ReleaseSigned|Any CPU = ReleaseSigned|Any CPU
		ReleaseSigned|ARM = ReleaseSigned|ARM
		ReleaseSigned|ARM64 = ReleaseSigned|ARM64
		ReleaseSigned|x64 = ReleaseSigned|x64
		ReleaseSigned|x86 = ReleaseSigned|x86
	EndGlobalSection
	GlobalSection(ProjectConfigurationPlatforms) = postSolution
		{A6F86FA0-87FE-406E-BA86-5A128D59DA12}.Debug|Any CPU.ActiveCfg = Debug|Any CPU
		{A6F86FA0-87FE-406E-BA86-5A128D59DA12}.Debug|Any CPU.Build.0 = Debug|Any CPU
		{A6F86FA0-87FE-406E-BA86-5A128D59DA12}.Debug|ARM.ActiveCfg = Debug|Any CPU
		{A6F86FA0-87FE-406E-BA86-5A128D59DA12}.Debug|ARM.Build.0 = Debug|Any CPU
		{A6F86FA0-87FE-406E-BA86-5A128D59DA12}.Debug|ARM64.ActiveCfg = Debug|Any CPU
		{A6F86FA0-87FE-406E-BA86-5A128D59DA12}.Debug|ARM64.Build.0 = Debug|Any CPU
		{A6F86FA0-87FE-406E-BA86-5A128D59DA12}.Debug|x64.ActiveCfg = Debug|Any CPU
		{A6F86FA0-87FE-406E-BA86-5A128D59DA12}.Debug|x64.Build.0 = Debug|Any CPU
		{A6F86FA0-87FE-406E-BA86-5A128D59DA12}.Debug|x86.ActiveCfg = Debug|Any CPU
		{A6F86FA0-87FE-406E-BA86-5A128D59DA12}.Debug|x86.Build.0 = Debug|Any CPU
		{A6F86FA0-87FE-406E-BA86-5A128D59DA12}.Release|Any CPU.ActiveCfg = Release|Any CPU
		{A6F86FA0-87FE-406E-BA86-5A128D59DA12}.Release|Any CPU.Build.0 = Release|Any CPU
		{A6F86FA0-87FE-406E-BA86-5A128D59DA12}.Release|ARM.ActiveCfg = Release|Any CPU
		{A6F86FA0-87FE-406E-BA86-5A128D59DA12}.Release|ARM.Build.0 = Release|Any CPU
		{A6F86FA0-87FE-406E-BA86-5A128D59DA12}.Release|ARM64.ActiveCfg = Release|Any CPU
		{A6F86FA0-87FE-406E-BA86-5A128D59DA12}.Release|ARM64.Build.0 = Release|Any CPU
		{A6F86FA0-87FE-406E-BA86-5A128D59DA12}.Release|x64.ActiveCfg = Release|Any CPU
		{A6F86FA0-87FE-406E-BA86-5A128D59DA12}.Release|x64.Build.0 = Release|Any CPU
		{A6F86FA0-87FE-406E-BA86-5A128D59DA12}.Release|x86.ActiveCfg = Release|Any CPU
		{A6F86FA0-87FE-406E-BA86-5A128D59DA12}.Release|x86.Build.0 = Release|Any CPU
		{A6F86FA0-87FE-406E-BA86-5A128D59DA12}.ReleaseSigned|Any CPU.ActiveCfg = Release|Any CPU
		{A6F86FA0-87FE-406E-BA86-5A128D59DA12}.ReleaseSigned|ARM.ActiveCfg = Release|Any CPU
		{A6F86FA0-87FE-406E-BA86-5A128D59DA12}.ReleaseSigned|ARM64.ActiveCfg = Release|Any CPU
		{A6F86FA0-87FE-406E-BA86-5A128D59DA12}.ReleaseSigned|x64.ActiveCfg = Release|Any CPU
		{A6F86FA0-87FE-406E-BA86-5A128D59DA12}.ReleaseSigned|x86.ActiveCfg = Release|Any CPU
	EndGlobalSection
	GlobalSection(SolutionProperties) = preSolution
		HideSolutionNode = FALSE
	EndGlobalSection
	GlobalSection(ExtensibilityGlobals) = postSolution
		SolutionGuid = {D6C1E6C9-335A-4797-9F4E-2DEB42A9B295}
	EndGlobalSection
EndGlobal
